Microsoft Visual Studio Solution File, Format Version 12.00
# Visual Studio Version 17
VisualStudioVersion = 17.0.31903.59
MinimumVisualStudioVersion = 10.0.40219.1
Project("{28D5C04B-7AEA-43ED-B9E8-A8925C124130}") = "Project_78dcbf1ecbf24da087d88062e2aca050_20250601200320515624", "Project_78dcbf1ecbf24da087d88062e2aca050_20250601200320515624.csproj", "{28D5C04B-7AEA-43ED-B9E8-A8925C124130}"
EndProject
Global
    GlobalSection(SolutionConfigurationPlatforms) = preSolution
        Debug|Any CPU = Debug|Any CPU
        Release|Any CPU = Release|Any CPU
    EndGlobalSection
    GlobalSection(ProjectConfigurationPlatforms) = postSolution
        {28D5C04B-7AEA-43ED-B9E8-A8925C124130}.Debug|Any CPU.ActiveCfg = Debug|Any CPU
        {28D5C04B-7AEA-43ED-B9E8-A8925C124130}.Debug|Any CPU.Build.0 = Debug|Any CPU
        {28D5C04B-7AEA-43ED-B9E8-A8925C124130}.Release|Any CPU.ActiveCfg = Release|Any CPU
        {28D5C04B-7AEA-43ED-B9E8-A8925C124130}.Release|Any CPU.Build.0 = Release|Any CPU
    EndGlobalSection
EndGlobal